
Microsoft Visual Studio Solution File, Format Version 12.00
# Visual Studio Version 17
VisualStudioVersion = 17.13.35931.197
MinimumVisualStudioVersion = 10.0.40219.1
Project("{FAE04EC0-301F-11D3-BF4B-00C04F79EFBC}") = "MosaicDroid.Core", "..\Core\MosaicDroid.Core\MosaicDroid.Core.csproj", "{51A78538-45FE-47D8-BC75-D36957A95D1F}"
EndProject
Project("{FAE04EC0-301F-11D3-BF4B-00C04F79EFBC}") = "MosaicDroid.Cli", "..\MosaicDroid.Cli\MosaicDroid.Cli.csproj", "{7DF2DFE7-B99E-4253-BA64-379DC660E0CB}"
EndProject
Global
	GlobalSection(SolutionConfigurationPlatforms) = preSolution
		Debug|Any CPU = Debug|Any CPU
		Release|Any CPU = Release|Any CPU
	EndGlobalSection
	GlobalSection(ProjectConfigurationPlatforms) = postSolution
		{51A78538-45FE-47D8-BC75-D36957A95D1F}.Debug|Any CPU.ActiveCfg = Debug|Any CPU
		{51A78538-45FE-47D8-BC75-D36957A95D1F}.Debug|Any CPU.Build.0 = Debug|Any CPU
		{51A78538-45FE-47D8-BC75-D36957A95D1F}.Release|Any CPU.ActiveCfg = Release|Any CPU
		{51A78538-45FE-47D8-BC75-D36957A95D1F}.Release|Any CPU.Build.0 = Release|Any CPU
		{7DF2DFE7-B99E-4253-BA64-379DC660E0CB}.Debug|Any CPU.ActiveCfg = Debug|Any CPU
		{7DF2DFE7-B99E-4253-BA64-379DC660E0CB}.Debug|Any CPU.Build.0 = Debug|Any CPU
		{7DF2DFE7-B99E-4253-BA64-379DC660E0CB}.Release|Any CPU.ActiveCfg = Release|Any CPU
		{7DF2DFE7-B99E-4253-BA64-379DC660E0CB}.Release|Any CPU.Build.0 = Release|Any CPU
	EndGlobalSection
	GlobalSection(SolutionProperties) = preSolution
		HideSolutionNode = FALSE
	EndGlobalSection
	GlobalSection(ExtensibilityGlobals) = postSolution
		SolutionGuid = {E06E380A-056B-4167-AFB0-119909B82C6F}
	EndGlobalSection
EndGlobal
